
Microsoft Visual Studio Solution File, Format Version 12.00
# Visual Studio Version 17
VisualStudioVersion = 17.9.34728.123
MinimumVisualStudioVersion = 10.0.40219.1
Project("{FAE04EC0-301F-11D3-BF4B-00C04F79EFBC}") = "Prjsolutionapprattrappage", "Prjsolutionapprattrappage\Prjsolutionapprattrappage.csproj", "{75A0E9ED-ADDC-4224-A6D4-832650910EDE}"
EndProject
Global
	GlobalSection(SolutionConfigurationPlatforms) = preSolution
		Debug|Any CPU = Debug|Any CPU
		Release|Any CPU = Release|Any CPU
	EndGlobalSection
	GlobalSection(ProjectConfigurationPlatforms) = postSolution
		{75A0E9ED-ADDC-4224-A6D4-832650910EDE}.Debug|Any CPU.ActiveCfg = Debug|Any CPU
		{75A0E9ED-ADDC-4224-A6D4-832650910EDE}.Debug|Any CPU.Build.0 = Debug|Any CPU
		{75A0E9ED-ADDC-4224-A6D4-832650910EDE}.Debug|Any CPU.Deploy.0 = Debug|Any CPU
		{75A0E9ED-ADDC-4224-A6D4-832650910EDE}.Release|Any CPU.ActiveCfg = Release|Any CPU
		{75A0E9ED-ADDC-4224-A6D4-832650910EDE}.Release|Any CPU.Build.0 = Release|Any CPU
		{75A0E9ED-ADDC-4224-A6D4-832650910EDE}.Release|Any CPU.Deploy.0 = Release|Any CPU
	EndGlobalSection
	GlobalSection(SolutionProperties) = preSolution
		HideSolutionNode = FALSE
	EndGlobalSection
	GlobalSection(ExtensibilityGlobals) = postSolution
		SolutionGuid = {61FAD278-8BA3-4975-A067-488D43939EF9}
	EndGlobalSection
EndGlobal
